PODS:
  - BoringSSL (9.2):
    - BoringSSL/Implementation (= 9.2)
    - BoringSSL/Interface (= 9.2)
  - BoringSSL/Implementation (9.2):
    - BoringSSL/Interface (= 9.2)
  - BoringSSL/Interface (9.2)
  - Firebase (4.8.2):
    - Firebase/Core (= 4.8.2)
  - Firebase/Auth (4.8.2):
    - Firebase/Core
    - FirebaseAuth (= 4.4.2)
  - Firebase/Core (4.8.2):
    - FirebaseAnalytics (= 4.0.9)
    - FirebaseCore (= 4.0.14)
  - Firebase/Database (4.8.2):
    - Firebase/Core
    - FirebaseDatabase (= 4.1.4)
  - Firebase/Firestore (4.8.2):
    - Firebase/Core
    - FirebaseFirestore (= 0.10.0)
  - Firebase/Storage (4.8.2):
    - Firebase/Core
    - FirebaseStorage (= 2.1.2)
  - FirebaseAnalytics (4.0.9):
    - FirebaseCore (~> 4.0)
    - FirebaseInstanceID (~> 2.0)
    - GoogleToolboxForMac/NSData+zlib (~> 2.1)
    - nanopb (~> 0.3)
  - FirebaseAuth (4.4.2):
    - FirebaseAnalytics (~> 4.0)
    - GoogleToolboxForMac/NSDictionary+URLArguments (~> 2.1)
    - GTMSessionFetcher/Core (~> 1.1)
  - FirebaseCore (4.0.14):
    - GoogleToolboxForMac/NSData+zlib (~> 2.1)
  - FirebaseDatabase (4.1.4):
    - FirebaseAnalytics (~> 4.0)
    - FirebaseCore (~> 4.0)
    - leveldb-library (~> 1.18)
  - FirebaseFirestore (0.10.0):
    - FirebaseAnalytics (~> 4.0)
    - FirebaseCore (~> 4.0)
    - gRPC-ProtoRPC (~> 1.0)
    - leveldb-library (~> 1.18)
    - Protobuf (~> 3.1)
  - FirebaseInstanceID (2.0.8):
    - FirebaseCore (~> 4.0)
  - FirebaseStorage (2.1.2):
    - FirebaseAnalytics (~> 4.0)
    - FirebaseCore (~> 4.0)
    - GTMSessionFetcher/Core (~> 1.1)
  - FirebaseUI/Storage (4.5.1):
    - Firebase/Storage (~> 4.0)
    - SDWebImage (~> 4.0)
  - GoogleToolboxForMac/DebugUtils (2.1.3):
    - GoogleToolboxForMac/Defines (= 2.1.3)
  - GoogleToolboxForMac/Defines (2.1.3)
  - GoogleToolboxForMac/NSData+zlib (2.1.3):
    - GoogleToolboxForMac/Defines (= 2.1.3)
  - GoogleToolboxForMac/NSDictionary+URLArguments (2.1.3):
    - GoogleToolboxForMac/DebugUtils (= 2.1.3)
    - GoogleToolboxForMac/Defines (= 2.1.3)
    - GoogleToolboxForMac/NSString+URLArguments (= 2.1.3)
  - GoogleToolboxForMac/NSString+URLArguments (2.1.3)
  - gRPC (1.9.1):
    - gRPC-RxLibrary (= 1.9.1)
    - gRPC/Main (= 1.9.1)
  - gRPC-Core (1.9.1):
    - gRPC-Core/Implementation (= 1.9.1)
    - gRPC-Core/Interface (= 1.9.1)
  - gRPC-Core/Implementation (1.9.1):
    - BoringSSL (~> 9.0)
    - gRPC-Core/Interface (= 1.9.1)
    - nanopb (~> 0.3)
  - gRPC-Core/Interface (1.9.1)
  - gRPC-ProtoRPC (1.9.1):
    - gRPC (= 1.9.1)
    - gRPC-RxLibrary (= 1.9.1)
    - Protobuf (~> 3.0)
  - gRPC-RxLibrary (1.9.1)
  - gRPC/Main (1.9.1):
    - gRPC-Core (= 1.9.1)
    - gRPC-RxLibrary (= 1.9.1)
  - GTMSessionFetcher/Core (1.1.13)
  - leveldb-library (1.20)
  - LFTwitterProfile (0.1.1):
    - SnapKit (~> 3.0)
  - MaterialComponents/AnimationTiming (45.0.0)
  - MaterialComponents/AppBar (45.0.0):
    - MaterialComponents/FlexibleHeader
    - MaterialComponents/HeaderStackView
    - MaterialComponents/NavigationBar
    - MaterialComponents/private/Application
    - MaterialComponents/private/Icons/ic_arrow_back
    - MaterialComponents/private/UIMetrics
    - MaterialComponents/ShadowElevations
    - MaterialComponents/ShadowLayer
    - MaterialComponents/Typography
    - MDFInternationalization
  - MaterialComponents/AppBar+Extensions (45.0.0):
    - MaterialComponents/AppBar+Extensions/ColorThemer (= 45.0.0)
  - MaterialComponents/AppBar+Extensions/ColorThemer (45.0.0):
    - MaterialComponents/AppBar
    - MaterialComponents/Themes
  - MaterialComponents/BottomNavigation (45.0.0):
    - MaterialComponents/Ink
    - MaterialComponents/private/Math
    - MaterialComponents/ShadowElevations
    - MaterialComponents/ShadowLayer
    - MaterialComponents/Typography
    - MDFInternationalization
  - MaterialComponents/BottomNavigation+Extensions (45.0.0):
    - MaterialComponents/BottomNavigation+Extensions/ColorThemer (= 45.0.0)
  - MaterialComponents/BottomNavigation+Extensions/ColorThemer (45.0.0):
    - MaterialComponents/BottomNavigation
    - MaterialComponents/Themes
  - MaterialComponents/ButtonBar (45.0.0):
    - MaterialComponents/Buttons
    - MDFInternationalization
  - MaterialComponents/Buttons (45.0.0):
    - MaterialComponents/Ink
    - MaterialComponents/private/Math
    - MaterialComponents/ShadowElevations
    - MaterialComponents/ShadowLayer
    - MaterialComponents/Typography
    - MDFInternationalization
    - MDFTextAccessibility
  - MaterialComponents/Buttons+Extensions (45.0.0):
    - MaterialComponents/Buttons+Extensions/ColorThemer (= 45.0.0)
    - MaterialComponents/Buttons+Extensions/TitleColorAccessibilityMutator (= 45.0.0)
  - MaterialComponents/Buttons+Extensions/ColorThemer (45.0.0):
    - MaterialComponents/Buttons
    - MaterialComponents/Themes
  - MaterialComponents/Buttons+Extensions/TitleColorAccessibilityMutator (45.0.0):
    - MaterialComponents/Buttons
    - MDFTextAccessibility
  - MaterialComponents/CollectionCells (45.0.0):
    - MaterialComponents/CollectionLayoutAttributes
    - MaterialComponents/Ink
    - MaterialComponents/Palettes
    - MaterialComponents/private/Icons/ic_check
    - MaterialComponents/private/Icons/ic_check_circle
    - MaterialComponents/private/Icons/ic_chevron_right
    - MaterialComponents/private/Icons/ic_info
    - MaterialComponents/private/Icons/ic_radio_button_unchecked
    - MaterialComponents/private/Icons/ic_reorder
    - MaterialComponents/private/Math
    - MaterialComponents/Typography
    - MDFInternationalization
  - MaterialComponents/CollectionLayoutAttributes (45.0.0)
  - MaterialComponents/Collections (45.0.0):
    - MaterialComponents/CollectionCells
    - MaterialComponents/CollectionLayoutAttributes
    - MaterialComponents/Ink
    - MaterialComponents/Palettes
    - MaterialComponents/ShadowElevations
    - MaterialComponents/ShadowLayer
    - MaterialComponents/Typography
  - MaterialComponents/Dialogs (45.0.0):
    - MaterialComponents/Buttons
    - MaterialComponents/private/KeyboardWatcher
    - MaterialComponents/ShadowElevations
    - MaterialComponents/ShadowLayer
    - MDFInternationalization
  - MaterialComponents/Dialogs+Extensions (45.0.0):
    - MaterialComponents/Dialogs+Extensions/ColorThemer (= 45.0.0)
  - MaterialComponents/Dialogs+Extensions/ColorThemer (45.0.0):
    - MaterialComponents/Dialogs
    - MaterialComponents/Themes
  - MaterialComponents/FlexibleHeader (45.0.0):
    - MaterialComponents/private/Application
    - MaterialComponents/private/UIMetrics
    - MDFTextAccessibility
  - MaterialComponents/HeaderStackView (45.0.0)
  - MaterialComponents/Ink (45.0.0):
    - MaterialComponents/private/Math
  - MaterialComponents/NavigationBar (45.0.0):
    - MaterialComponents/ButtonBar
    - MaterialComponents/private/Math
    - MaterialComponents/Typography
    - MDFInternationalization
    - MDFTextAccessibility
  - MaterialComponents/NavigationBar+Extensions (45.0.0):
    - MaterialComponents/NavigationBar+Extensions/ColorThemer (= 45.0.0)
  - MaterialComponents/NavigationBar+Extensions/ColorThemer (45.0.0):
    - MaterialComponents/NavigationBar
    - MaterialComponents/Themes
  - MaterialComponents/Palettes (45.0.0)
  - MaterialComponents/private/Application (45.0.0)
  - MaterialComponents/private/Icons/Base (45.0.0)
  - MaterialComponents/private/Icons/ic_arrow_back (45.0.0):
    - MaterialComponents/private/Icons/Base
  - MaterialComponents/private/Icons/ic_check (45.0.0):
    - MaterialComponents/private/Icons/Base
  - MaterialComponents/private/Icons/ic_check_circle (45.0.0):
    - MaterialComponents/private/Icons/Base
  - MaterialComponents/private/Icons/ic_chevron_right (45.0.0):
    - MaterialComponents/private/Icons/Base
  - MaterialComponents/private/Icons/ic_info (45.0.0):
    - MaterialComponents/private/Icons/Base
  - MaterialComponents/private/Icons/ic_radio_button_unchecked (45.0.0):
    - MaterialComponents/private/Icons/Base
  - MaterialComponents/private/Icons/ic_reorder (45.0.0):
    - MaterialComponents/private/Icons/Base
  - MaterialComponents/private/KeyboardWatcher (45.0.0):
    - MaterialComponents/private/Application
  - MaterialComponents/private/Math (45.0.0)
  - MaterialComponents/private/UIMetrics (45.0.0):
    - MaterialComponents/private/Application
  - MaterialComponents/ShadowElevations (45.0.0)
  - MaterialComponents/ShadowLayer (45.0.0):
    - MaterialComponents/ShadowElevations
  - MaterialComponents/Tabs (45.0.0):
    - MaterialComponents/AnimationTiming
    - MaterialComponents/Ink
    - MaterialComponents/private/Math
    - MaterialComponents/ShadowElevations
    - MaterialComponents/ShadowLayer
    - MaterialComponents/Typography
    - MDFInternationalization
  - MaterialComponents/Tabs+Extensions (45.0.0):
    - MaterialComponents/Tabs+Extensions/ColorThemer (= 45.0.0)
  - MaterialComponents/Tabs+Extensions/ColorThemer (45.0.0):
    - MaterialComponents/Tabs
    - MaterialComponents/Themes
  - MaterialComponents/TextFields (45.0.0):
    - MaterialComponents/AnimationTiming
    - MaterialComponents/Palettes
    - MaterialComponents/private/Math
    - MaterialComponents/Typography
    - MDFInternationalization
  - MaterialComponents/TextFields+Extensions (45.0.0):
    - MaterialComponents/TextFields+Extensions/ColorThemer (= 45.0.0)
  - MaterialComponents/TextFields+Extensions/ColorThemer (45.0.0):
    - MaterialComponents/TextFields
    - MaterialComponents/Themes
  - MaterialComponents/Themes (45.0.0)
  - MaterialComponents/Typography (45.0.0):
    - MaterialComponents/private/Application
  - MDFInternationalization (1.0.4)
  - MDFTextAccessibility (1.2.0)
  - nanopb (0.3.8):
    - nanopb/decode (= 0.3.8)
    - nanopb/encode (= 0.3.8)
  - nanopb/decode (0.3.8)
  - nanopb/encode (0.3.8)
  - Protobuf (3.5.0)
  - SDWebImage (4.3.0):
    - SDWebImage/Core (= 4.3.0)
  - SDWebImage/Core (4.3.0)
  - SnapKit (3.2.0)

DEPENDENCIES:
  - Firebase
  - Firebase/Auth
  - Firebase/Core
  - Firebase/Database
  - Firebase/Firestore
  - Firebase/Storage
  - FirebaseUI/Storage
  - LFTwitterProfile
  - MaterialComponents/AppBar+Extensions
  - MaterialComponents/BottomNavigation+Extensions
  - MaterialComponents/Buttons+Extensions
  - MaterialComponents/Collections
  - MaterialComponents/Dialogs+Extensions
  - MaterialComponents/NavigationBar+Extensions
  - MaterialComponents/Tabs+Extensions
  - MaterialComponents/TextFields+Extensions

SPEC CHECKSUMS:
  BoringSSL: f3d6b8ce199b9c450a8cfc14895d07a2627fc232
  Firebase: 7d3b8cd837ad9fcd391657734c0d56dab8e9a5a3
  FirebaseAnalytics: 388b630c15713f5dbf364071f5f3d6077fb52f4e
  FirebaseAuth: bd2738c5c1e92b108ba5f7f7335908097a4e50bb
  FirebaseCore: 2e0b98fb2d64ca8140136beff15772bdd14d2dd7
  FirebaseDatabase: de4446507ccd3257fca37d16f40e1540324571fd
  FirebaseFirestore: 713f0c555e7af5ac03d0fec0e2477c48857f4977
  FirebaseInstanceID: 81df5805a08001e69138664bdd02c6719a9ac80f
  FirebaseStorage: 181bb543d39ee3c53e0558de7ba86b1286a0427f
  FirebaseUI: 1dc9c8a87a776b488a28a28541f029e60c824cfd
  GoogleToolboxForMac: 2501e2ad72a52eb3dfe7bd9aee7dad11b858bd20
  gRPC: 58828d611419d49da19ad02a60679ffa10a10a87
  gRPC-Core: 66413bf1f2d038a6221bc7bfcbeeaa5a117cee29
  gRPC-ProtoRPC: f29e8b7445e0d3c0311678ab121e6c164da4ca5e
  gRPC-RxLibrary: 8e0067bfe8a054022c7a81470baace4f2f633b48
  GTMSessionFetcher: 5bb1eae636127de695590f50e7d248483eb891e6
  leveldb-library: 08cba283675b7ed2d99629a4bc5fd052cd2bb6a5
  LFTwitterProfile: 57cc1c1602e3b4cf297b3d80b85dff16b5257ad4
  MaterialComponents: 22793fbf99b6ae7e5067fbd794a6d3b7d6ee7d62
  MDFInternationalization: e355b0cebecf53d60233bd267084e49366c82513
  MDFTextAccessibility: 94098925e0853551c5a311ce7c1ecefbe297cdb6
  nanopb: 5601e6bca2dbf1ed831b519092ec110f66982ca3
  Protobuf: 8a9838fba8dae3389230e1b7f8c104aa32389c03
  SDWebImage: 6da6c8bca115addc4de8613362e1b15f66333825
  SnapKit: 1ca44df72cfa543218d177cb8aab029d10d86ea7

PODFILE CHECKSUM: 8e12eb1abdcf1cd1351ca7f08ebfc45057403408

COCOAPODS: 1.4.0
