// !$*UTF8*$!
{
	archiveVersion = 1;
	classes = {
	};
	objectVersion = 48;
	objects = {

/* Begin PBXBuildFile section */
		0593476D1005C4DE1019A417 /* Pods_Musich.framework in Frameworks */ = {isa = PBXBuildFile; fileRef = B7105FDA48F8B72C42B5A9D5 /* Pods_Musich.framework */; };
		2E04AD502039495900691FA6 /* defaultProfilePicture.png in Resources */ = {isa = PBXBuildFile; fileRef = 2E04AD4F2039495900691FA6 /* defaultProfilePicture.png */; };
		2E04AD5220394A9E00691FA6 /* CreateProfileViewController.swift in Sources */ = {isa = PBXBuildFile; fileRef = 2E04AD5120394A9E00691FA6 /* CreateProfileViewController.swift */; };
		2E04AD542039522300691FA6 /* BottomNavigationBarViewController.swift in Sources */ = {isa = PBXBuildFile; fileRef = 2E04AD532039522300691FA6 /* BottomNavigationBarViewController.swift */; };
		2E05B5A02038CE3100F76985 /* icon.png in Resources */ = {isa = PBXBuildFile; fileRef = 2E05B59E2038CE3000F76985 /* icon.png */; };
		2E05B5A12038CE3100F76985 /* logo.png in Resources */ = {isa = PBXBuildFile; fileRef = 2E05B59F2038CE3000F76985 /* logo.png */; };
		2E7186F420393D4A00730E0D /* CreateAccountViewController.swift in Sources */ = {isa = PBXBuildFile; fileRef = 2E7186F320393D4A00730E0D /* CreateAccountViewController.swift */; };
		2E9A68E9202D5B4000783119 /* AppDelegate.swift in Sources */ = {isa = PBXBuildFile; fileRef = 2E9A68E8202D5B4000783119 /* AppDelegate.swift */; };
		2E9A68EB202D5B4000783119 /* MaterialListViewController.swift in Sources */ = {isa = PBXBuildFile; fileRef = 2E9A68EA202D5B4000783119 /* MaterialListViewController.swift */; };
		2E9A68EE202D5B4000783119 /* Main.storyboard in Resources */ = {isa = PBXBuildFile; fileRef = 2E9A68EC202D5B4000783119 /* Main.storyboard */; };
		2E9A68F1202D5B4000783119 /* Musich.xcdatamodeld in Sources */ = {isa = PBXBuildFile; fileRef = 2E9A68EF202D5B4000783119 /* Musich.xcdatamodeld */; };
		2E9A68F3202D5B4000783119 /* Assets.xcassets in Resources */ = {isa = PBXBuildFile; fileRef = 2E9A68F2202D5B4000783119 /* Assets.xcassets */; };
		2E9A68F6202D5B4000783119 /* LaunchScreen.storyboard in Resources */ = {isa = PBXBuildFile; fileRef = 2E9A68F4202D5B4000783119 /* LaunchScreen.storyboard */; };
		2E9A68FF202D708E00783119 /* MDCTextField.swift in Sources */ = {isa = PBXBuildFile; fileRef = 2E9A68FE202D708E00783119 /* MDCTextField.swift */; };
		2EA6A1D1202E4EC10086CF99 /* LoginViewController.swift in Sources */ = {isa = PBXBuildFile; fileRef = 2EA6A1D0202E4EC10086CF99 /* LoginViewController.swift */; };
		2EA6A1EA202E6FE60086CF99 /* UIElements.swift in Sources */ = {isa = PBXBuildFile; fileRef = 2EA6A1E9202E6FE60086CF99 /* UIElements.swift */; };
		2EB3419C203A0422003A2B4E /* TabBarIconSwiftExample.swift in Sources */ = {isa = PBXBuildFile; fileRef = 2EB3419B203A0422003A2B4E /* TabBarIconSwiftExample.swift */; };
		2EB341A4203A1C73003A2B4E /* homeIcon_25.png in Resources */ = {isa = PBXBuildFile; fileRef = 2EB341A3203A1C73003A2B4E /* homeIcon_25.png */; };
		2EB341A6203A1CDD003A2B4E /* settingsIcon_25.png in Resources */ = {isa = PBXBuildFile; fileRef = 2EB341A5203A1CDD003A2B4E /* settingsIcon_25.png */; };
		2EB341AA203A1E90003A2B4E /* messageIcon_30.png in Resources */ = {isa = PBXBuildFile; fileRef = 2EB341A9203A1E90003A2B4E /* messageIcon_30.png */; };
		2EB341AD203A23C9003A2B4E /* HomeViewController.swift in Sources */ = {isa = PBXBuildFile; fileRef = 2EB341AC203A23C9003A2B4E /* HomeViewController.swift */; };
		2EBE94FC203A5B9100AF3DFC /* MusichChatViewController.swift in Sources */ = {isa = PBXBuildFile; fileRef = 2EBE94FB203A5B9100AF3DFC /* MusichChatViewController.swift */; };
		2EBE94FF203A63D000AF3DFC /* Helper Files.swift in Sources */ = {isa = PBXBuildFile; fileRef = 2EBE94FE203A63D000AF3DFC /* Helper Files.swift */; };
		2EBE9501203A645F00AF3DFC /* ViewControllerCells.swift in Sources */ = {isa = PBXBuildFile; fileRef = 2EBE9500203A645F00AF3DFC /* ViewControllerCells.swift */; };
		2EBE9503203A64C800AF3DFC /* ChatViewController.swift in Sources */ = {isa = PBXBuildFile; fileRef = 2EBE9502203A64C800AF3DFC /* ChatViewController.swift */; };
		2EBE9505203A65A400AF3DFC /* HomeFeedCollectionViewCell.swift in Sources */ = {isa = PBXBuildFile; fileRef = 2EBE9504203A65A400AF3DFC /* HomeFeedCollectionViewCell.swift */; };
/* End PBXBuildFile section */

/* Begin PBXFileReference section */
		2E04AD4F2039495900691FA6 /* defaultProfilePicture.png */ = {isa = PBXFileReference; lastKnownFileType = image.png; path = defaultProfilePicture.png; sourceTree = "<group>"; };
		2E04AD5120394A9E00691FA6 /* CreateProfileViewController.swift */ = {isa = PBXFileReference; lastKnownFileType = sourcecode.swift; name = CreateProfileViewController.swift; path = Account/CreateProfileViewController.swift; sourceTree = "<group>"; };
		2E04AD532039522300691FA6 /* BottomNavigationBarViewController.swift */ = {isa = PBXFileReference; lastKnownFileType = sourcecode.swift; path = BottomNavigationBarViewController.swift; sourceTree = "<group>"; };
		2E05B59E2038CE3000F76985 /* icon.png */ = {isa = PBXFileReference; lastKnownFileType = image.png; path = icon.png; sourceTree = "<group>"; };
		2E05B59F2038CE3000F76985 /* logo.png */ = {isa = PBXFileReference; lastKnownFileType = image.png; path = logo.png; sourceTree = "<group>"; };
		2E7186F320393D4A00730E0D /* CreateAccountViewController.swift */ = {isa = PBXFileReference; lastKnownFileType = sourcecode.swift; name = CreateAccountViewController.swift; path = Account/CreateAccountViewController.swift; sourceTree = "<group>"; };
		2E9A68E5202D5B4000783119 /* Musich.app */ = {isa = PBXFileReference; explicitFileType = wrapper.application; includeInIndex = 0; path = Musich.app; sourceTree = BUILT_PRODUCTS_DIR; };
		2E9A68E8202D5B4000783119 /* AppDelegate.swift */ = {isa = PBXFileReference; lastKnownFileType = sourcecode.swift; path = AppDelegate.swift; sourceTree = "<group>"; };
		2E9A68EA202D5B4000783119 /* MaterialListViewController.swift */ = {isa = PBXFileReference; lastKnownFileType = sourcecode.swift; path = MaterialListViewController.swift; sourceTree = "<group>"; };
		2E9A68ED202D5B4000783119 /* Base */ = {isa = PBXFileReference; lastKnownFileType = file.storyboard; name = Base; path = Base.lproj/Main.storyboard; sourceTree = "<group>"; };
		2E9A68F0202D5B4000783119 /* Musich.xcdatamodel */ = {isa = PBXFileReference; lastKnownFileType = wrapper.xcdatamodel; path = Musich.xcdatamodel; sourceTree = "<group>"; };
		2E9A68F2202D5B4000783119 /* Assets.xcassets */ = {isa = PBXFileReference; lastKnownFileType = folder.assetcatalog; path = Assets.xcassets; sourceTree = "<group>"; };
		2E9A68F5202D5B4000783119 /* Base */ = {isa = PBXFileReference; lastKnownFileType = file.storyboard; name = Base; path = Base.lproj/LaunchScreen.storyboard; sourceTree = "<group>"; };
		2E9A68F7202D5B4000783119 /* Info.plist */ = {isa = PBXFileReference; lastKnownFileType = text.plist.xml; path = Info.plist; sourceTree = "<group>"; };
		2E9A68FE202D708E00783119 /* MDCTextField.swift */ = {isa = PBXFileReference; lastKnownFileType = sourcecode.swift; path = MDCTextField.swift; sourceTree = "<group>"; };
		2EA6A1D0202E4EC10086CF99 /* LoginViewController.swift */ = {isa = PBXFileReference; lastKnownFileType = sourcecode.swift; path = LoginViewController.swift; sourceTree = "<group>"; };
		2EA6A1E9202E6FE60086CF99 /* UIElements.swift */ = {isa = PBXFileReference; lastKnownFileType = sourcecode.swift; path = UIElements.swift; sourceTree = "<group>"; };
		2EB3419B203A0422003A2B4E /* TabBarIconSwiftExample.swift */ = {isa = PBXFileReference; lastKnownFileType = sourcecode.swift; path = TabBarIconSwiftExample.swift; sourceTree = "<group>"; };
		2EB341A3203A1C73003A2B4E /* homeIcon_25.png */ = {isa = PBXFileReference; lastKnownFileType = image.png; path = homeIcon_25.png; sourceTree = "<group>"; };
		2EB341A5203A1CDD003A2B4E /* settingsIcon_25.png */ = {isa = PBXFileReference; lastKnownFileType = image.png; path = settingsIcon_25.png; sourceTree = "<group>"; };
		2EB341A9203A1E90003A2B4E /* messageIcon_30.png */ = {isa = PBXFileReference; lastKnownFileType = image.png; path = messageIcon_30.png; sourceTree = "<group>"; };
		2EB341AC203A23C9003A2B4E /* HomeViewController.swift */ = {isa = PBXFileReference; lastKnownFileType = sourcecode.swift; path = HomeViewController.swift; sourceTree = "<group>"; };
		2EBE94FB203A5B9100AF3DFC /* MusichChatViewController.swift */ = {isa = PBXFileReference; lastKnownFileType = sourcecode.swift; path = MusichChatViewController.swift; sourceTree = "<group>"; };
		2EBE94FE203A63D000AF3DFC /* Helper Files.swift */ = {isa = PBXFileReference; fileEncoding = 4; lastKnownFileType = sourcecode.swift; path = "Helper Files.swift"; sourceTree = "<group>"; };
		2EBE9500203A645F00AF3DFC /* ViewControllerCells.swift */ = {isa = PBXFileReference; fileEncoding = 4; lastKnownFileType = sourcecode.swift; path = ViewControllerCells.swift; sourceTree = "<group>"; };
		2EBE9502203A64C800AF3DFC /* ChatViewController.swift */ = {isa = PBXFileReference; fileEncoding = 4; lastKnownFileType = sourcecode.swift; path = ChatViewController.swift; sourceTree = "<group>"; };
		2EBE9504203A65A400AF3DFC /* HomeFeedCollectionViewCell.swift */ = {isa = PBXFileReference; fileEncoding = 4; lastKnownFileType = sourcecode.swift; path = HomeFeedCollectionViewCell.swift; sourceTree = "<group>"; };
		300D075C3214D11B86F13E0F /* Pods-Musich.debug.xcconfig */ = {isa = PBXFileReference; includeInIndex = 1; lastKnownFileType = text.xcconfig; name = "Pods-Musich.debug.xcconfig"; path = "Pods/Target Support Files/Pods-Musich/Pods-Musich.debug.xcconfig"; sourceTree = "<group>"; };
		34B448CDEEF720D4C5EEDFD6 /* Pods-Musich.release.xcconfig */ = {isa = PBXFileReference; includeInIndex = 1; lastKnownFileType = text.xcconfig; name = "Pods-Musich.release.xcconfig"; path = "Pods/Target Support Files/Pods-Musich/Pods-Musich.release.xcconfig"; sourceTree = "<group>"; };
		B7105FDA48F8B72C42B5A9D5 /* Pods_Musich.framework */ = {isa = PBXFileReference; explicitFileType = wrapper.framework; includeInIndex = 0; path = Pods_Musich.framework; sourceTree = BUILT_PRODUCTS_DIR; };
/* End PBXFileReference section */

/* Begin PBXFrameworksBuildPhase section */
		2E9A68E2202D5B4000783119 /* Frameworks */ = {
			isa = PBXFrameworksBuildPhase;
			buildActionMask = 2147483647;
			files = (
				0593476D1005C4DE1019A417 /* Pods_Musich.framework in Frameworks */,
			);
			runOnlyForDeploymentPostprocessing = 0;
		};
/* End PBXFrameworksBuildPhase section */

/* Begin PBXGroup section */
		08E79348AACEB7D0E856A62C /* Pods */ = {
			isa = PBXGroup;
			children = (
				300D075C3214D11B86F13E0F /* Pods-Musich.debug.xcconfig */,
				34B448CDEEF720D4C5EEDFD6 /* Pods-Musich.release.xcconfig */,
			);
			name = Pods;
			sourceTree = "<group>";
		};
		2E05B59D2038CE3000F76985 /* Images */ = {
			isa = PBXGroup;
			children = (
				2E04AD4F2039495900691FA6 /* defaultProfilePicture.png */,
				2EB341A9203A1E90003A2B4E /* messageIcon_30.png */,
				2EB341A5203A1CDD003A2B4E /* settingsIcon_25.png */,
				2EB341A3203A1C73003A2B4E /* homeIcon_25.png */,
				2E05B59E2038CE3000F76985 /* icon.png */,
				2E05B59F2038CE3000F76985 /* logo.png */,
			);
			name = Images;
			path = Musich/Images;
			sourceTree = "<group>";
		};
		2E7186F220393D1700730E0D /* Account */ = {
			isa = PBXGroup;
			children = (
				2EA6A1D0202E4EC10086CF99 /* LoginViewController.swift */,
				2E7186F320393D4A00730E0D /* CreateAccountViewController.swift */,
				2E04AD5120394A9E00691FA6 /* CreateProfileViewController.swift */,
			);
			name = Account;
			sourceTree = "<group>";
		};
		2E9A68DC202D5B4000783119 = {
			isa = PBXGroup;
			children = (
				2E9A68E7202D5B4000783119 /* Musich */,
				2E05B59D2038CE3000F76985 /* Images */,
				2E9A68E6202D5B4000783119 /* Products */,
				08E79348AACEB7D0E856A62C /* Pods */,
				C3413F6230A84337F282ECDE /* Frameworks */,
			);
			sourceTree = "<group>";
		};
		2E9A68E6202D5B4000783119 /* Products */ = {
			isa = PBXGroup;
			children = (
				2E9A68E5202D5B4000783119 /* Musich.app */,
			);
			name = Products;
			sourceTree = "<group>";
		};
		2E9A68E7202D5B4000783119 /* Musich */ = {
			isa = PBXGroup;
			children = (
				2E7186F220393D1700730E0D /* Account */,
				2EB341AB203A230D003A2B4E /* TabViews */,
				2E04AD532039522300691FA6 /* BottomNavigationBarViewController.swift */,
				2E9A68E8202D5B4000783119 /* AppDelegate.swift */,
				2E9A68EC202D5B4000783119 /* Main.storyboard */,
				2E9A68F2202D5B4000783119 /* Assets.xcassets */,
				2E9A68F4202D5B4000783119 /* LaunchScreen.storyboard */,
				2E9A68F7202D5B4000783119 /* Info.plist */,
				2E9A68EF202D5B4000783119 /* Musich.xcdatamodeld */,
				2EBE94FD203A63D000AF3DFC /* Helper files */,
				2E9A68FD202D706200783119 /* MusichUI */,
			);
			path = Musich;
			sourceTree = "<group>";
		};
		2E9A68FD202D706200783119 /* MusichUI */ = {
			isa = PBXGroup;
			children = (
				2E9A68EA202D5B4000783119 /* MaterialListViewController.swift */,
				2E9A68FE202D708E00783119 /* MDCTextField.swift */,
				2EA6A1E9202E6FE60086CF99 /* UIElements.swift */,
				2EB3419B203A0422003A2B4E /* TabBarIconSwiftExample.swift */,
			);
			path = MusichUI;
			sourceTree = "<group>";
		};
		2EB341AB203A230D003A2B4E /* TabViews */ = {
			isa = PBXGroup;
			children = (
				2EB341AC203A23C9003A2B4E /* HomeViewController.swift */,
				2EBE9502203A64C800AF3DFC /* ChatViewController.swift */,
				2EBE94F0203A376600AF3DFC /* Cells */,
				2EBE94FB203A5B9100AF3DFC /* MusichChatViewController.swift */,
			);
			path = TabViews;
			sourceTree = "<group>";
		};
		2EBE94F0203A376600AF3DFC /* Cells */ = {
			isa = PBXGroup;
			children = (
				2EBE9504203A65A400AF3DFC /* HomeFeedCollectionViewCell.swift */,
				2EBE9500203A645F00AF3DFC /* ViewControllerCells.swift */,
			);
			path = Cells;
			sourceTree = "<group>";
		};
		2EBE94FD203A63D000AF3DFC /* Helper files */ = {
			isa = PBXGroup;
			children = (
				2EBE94FE203A63D000AF3DFC /* Helper Files.swift */,
			);
			path = "Helper files";
			sourceTree = "<group>";
		};
		C3413F6230A84337F282ECDE /* Frameworks */ = {
			isa = PBXGroup;
			children = (
				B7105FDA48F8B72C42B5A9D5 /* Pods_Musich.framework */,
			);
			name = Frameworks;
			sourceTree = "<group>";
		};
/* End PBXGroup section */

/* Begin PBXNativeTarget section */
		2E9A68E4202D5B4000783119 /* Musich */ = {
			isa = PBXNativeTarget;
			buildConfigurationList = 2E9A68FA202D5B4000783119 /* Build configuration list for PBXNativeTarget "Musich" */;
			buildPhases = (
				DF0E5BEEE641ECF2082571B0 /* [CP] Check Pods Manifest.lock */,
				2E9A68E1202D5B4000783119 /* Sources */,
				2E9A68E2202D5B4000783119 /* Frameworks */,
				2E9A68E3202D5B4000783119 /* Resources */,
				48A4A49528DEC865B75DF4D1 /* [CP] Embed Pods Frameworks */,
				536AE0878A3CF2A8788AFCAD /* [CP] Copy Pods Resources */,
			);
			buildRules = (
			);
			dependencies = (
			);
			name = Musich;
			productName = Musich;
			productReference = 2E9A68E5202D5B4000783119 /* Musich.app */;
			productType = "com.apple.product-type.application";
		};
/* End PBXNativeTarget section */

/* Begin PBXProject section */
		2E9A68DD202D5B4000783119 /* Project object */ = {
			isa = PBXProject;
			attributes = {
				LastSwiftUpdateCheck = 0920;
				LastUpgradeCheck = 0920;
				ORGANIZATIONNAME = baksha97;
				TargetAttributes = {
					2E9A68E4202D5B4000783119 = {
						CreatedOnToolsVersion = 9.2;
						ProvisioningStyle = Automatic;
					};
				};
			};
			buildConfigurationList = 2E9A68E0202D5B4000783119 /* Build configuration list for PBXProject "Musich" */;
			compatibilityVersion = "Xcode 8.0";
			developmentRegion = en;
			hasScannedForEncodings = 0;
			knownRegions = (
				en,
				Base,
			);
			mainGroup = 2E9A68DC202D5B4000783119;
			productRefGroup = 2E9A68E6202D5B4000783119 /* Products */;
			projectDirPath = "";
			projectRoot = "";
			targets = (
				2E9A68E4202D5B4000783119 /* Musich */,
			);
		};
/* End PBXProject section */

/* Begin PBXResourcesBuildPhase section */
		2E9A68E3202D5B4000783119 /* Resources */ = {
			isa = PBXResourcesBuildPhase;
			buildActionMask = 2147483647;
			files = (
				2E04AD502039495900691FA6 /* defaultProfilePicture.png in Resources */,
				2E05B5A02038CE3100F76985 /* icon.png in Resources */,
				2EB341AA203A1E90003A2B4E /* messageIcon_30.png in Resources */,
				2E05B5A12038CE3100F76985 /* logo.png in Resources */,
				2EB341A4203A1C73003A2B4E /* homeIcon_25.png in Resources */,
				2E9A68F6202D5B4000783119 /* LaunchScreen.storyboard in Resources */,
				2E9A68F3202D5B4000783119 /* Assets.xcassets in Resources */,
				2E9A68EE202D5B4000783119 /* Main.storyboard in Resources */,
				2EB341A6203A1CDD003A2B4E /* settingsIcon_25.png in Resources */,
			);
			runOnlyForDeploymentPostprocessing = 0;
		};
/* End PBXResourcesBuildPhase section */

/* Begin PBXShellScriptBuildPhase section */
		48A4A49528DEC865B75DF4D1 /* [CP] Embed Pods Frameworks */ = {
			isa = PBXShellScriptBuildPhase;
			buildActionMask = 2147483647;
			files = (
			);
			inputPaths = (
				"${SRCROOT}/Pods/Target Support Files/Pods-Musich/Pods-Musich-frameworks.sh",
				"${BUILT_PRODUCTS_DIR}/MDFInternationalization/MDFInternationalization.framework",
				"${BUILT_PRODUCTS_DIR}/MDFTextAccessibility/MDFTextAccessibility.framework",
				"${BUILT_PRODUCTS_DIR}/MaterialComponents/MaterialComponents.framework",
			);
			name = "[CP] Embed Pods Frameworks";
			outputPaths = (
				"${TARGET_BUILD_DIR}/${FRAMEWORKS_FOLDER_PATH}/MDFInternationalization.framework",
				"${TARGET_BUILD_DIR}/${FRAMEWORKS_FOLDER_PATH}/MDFTextAccessibility.framework",
				"${TARGET_BUILD_DIR}/${FRAMEWORKS_FOLDER_PATH}/MaterialComponents.framework",
			);
			runOnlyForDeploymentPostprocessing = 0;
			shellPath = /bin/sh;
			shellScript = "\"${SRCROOT}/Pods/Target Support Files/Pods-Musich/Pods-Musich-frameworks.sh\"\n";
			showEnvVarsInLog = 0;
		};
		536AE0878A3CF2A8788AFCAD /* [CP] Copy Pods Resources */ = {
			isa = PBXShellScriptBuildPhase;
			buildActionMask = 2147483647;
			files = (
			);
			inputPaths = (
			);
			name = "[CP] Copy Pods Resources";
			outputPaths = (
			);
			runOnlyForDeploymentPostprocessing = 0;
			shellPath = /bin/sh;
			shellScript = "\"${SRCROOT}/Pods/Target Support Files/Pods-Musich/Pods-Musich-resources.sh\"\n";
			showEnvVarsInLog = 0;
		};
		DF0E5BEEE641ECF2082571B0 /* [CP] Check Pods Manifest.lock */ = {
			isa = PBXShellScriptBuildPhase;
			buildActionMask = 2147483647;
			files = (
			);
			inputPaths = (
				"${PODS_PODFILE_DIR_PATH}/Podfile.lock",
				"${PODS_ROOT}/Manifest.lock",
			);
			name = "[CP] Check Pods Manifest.lock";
			outputPaths = (
				"$(DERIVED_FILE_DIR)/Pods-Musich-checkManifestLockResult.txt",
			);
			runOnlyForDeploymentPostprocessing = 0;
			shellPath = /bin/sh;
			shellScript = "diff \"${PODS_PODFILE_DIR_PATH}/Podfile.lock\" \"${PODS_ROOT}/Manifest.lock\" > /dev/null\nif [ $? != 0 ] ; then\n    # print error to STDERR\n    echo \"error: The sandbox is not in sync with the Podfile.lock. Run 'pod install' or update your CocoaPods installation.\" >&2\n    exit 1\nfi\n# This output is used by Xcode 'outputs' to avoid re-running this script phase.\necho \"SUCCESS\" > \"${SCRIPT_OUTPUT_FILE_0}\"\n";
			showEnvVarsInLog = 0;
		};
/* End PBXShellScriptBuildPhase section */

/* Begin PBXSourcesBuildPhase section */
		2E9A68E1202D5B4000783119 /* Sources */ = {
			isa = PBXSourcesBuildPhase;
			buildActionMask = 2147483647;
			files = (
				2EBE94FC203A5B9100AF3DFC /* MusichChatViewController.swift in Sources */,
				2E04AD5220394A9E00691FA6 /* CreateProfileViewController.swift in Sources */,
				2E7186F420393D4A00730E0D /* CreateAccountViewController.swift in Sources */,
				2EBE94FF203A63D000AF3DFC /* Helper Files.swift in Sources */,
				2EA6A1D1202E4EC10086CF99 /* LoginViewController.swift in Sources */,
				2E9A68EB202D5B4000783119 /* MaterialListViewController.swift in Sources */,
				2E9A68F1202D5B4000783119 /* Musich.xcdatamodeld in Sources */,
				2E9A68FF202D708E00783119 /* MDCTextField.swift in Sources */,
				2EBE9501203A645F00AF3DFC /* ViewControllerCells.swift in Sources */,
				2EA6A1EA202E6FE60086CF99 /* UIElements.swift in Sources */,
				2EB341AD203A23C9003A2B4E /* HomeViewController.swift in Sources */,
				2EB3419C203A0422003A2B4E /* TabBarIconSwiftExample.swift in Sources */,
				2E9A68E9202D5B4000783119 /* AppDelegate.swift in Sources */,
				2EBE9503203A64C800AF3DFC /* ChatViewController.swift in Sources */,
				2EBE9505203A65A400AF3DFC /* HomeFeedCollectionViewCell.swift in Sources */,
				2E04AD542039522300691FA6 /* BottomNavigationBarViewController.swift in Sources */,
			);
			runOnlyForDeploymentPostprocessing = 0;
		};
/* End PBXSourcesBuildPhase section */

/* Begin PBXVariantGroup section */
		2E9A68EC202D5B4000783119 /* Main.storyboard */ = {
			isa = PBXVariantGroup;
			children = (
				2E9A68ED202D5B4000783119 /* Base */,
			);
			name = Main.storyboard;
			sourceTree = "<group>";
		};
		2E9A68F4202D5B4000783119 /* LaunchScreen.storyboard */ = {
			isa = PBXVariantGroup;
			children = (
				2E9A68F5202D5B4000783119 /* Base */,
			);
			name = LaunchScreen.storyboard;
			sourceTree = "<group>";
		};
/* End PBXVariantGroup section */

/* Begin XCBuildConfiguration section */
		2E9A68F8202D5B4000783119 /* Debug */ = {
			isa = XCBuildConfiguration;
			buildSettings = {
				ALWAYS_SEARCH_USER_PATHS = NO;
				CLANG_ANALYZER_NONNULL = YES;
				CLANG_ANALYZER_NUMBER_OBJECT_CONVERSION = YES_AGGRESSIVE;
				CLANG_CXX_LANGUAGE_STANDARD = "gnu++14";
				CLANG_CXX_LIBRARY = "libc++";
				CLANG_ENABLE_MODULES = YES;
				CLANG_ENABLE_OBJC_ARC = YES;
				CLANG_WARN_BLOCK_CAPTURE_AUTORELEASING = YES;
				CLANG_WARN_BOOL_CONVERSION = YES;
				CLANG_WARN_COMMA = YES;
				CLANG_WARN_CONSTANT_CONVERSION = YES;
				CLANG_WARN_DIRECT_OBJC_ISA_USAGE = YES_ERROR;
				CLANG_WARN_DOCUMENTATION_COMMENTS = YES;
				CLANG_WARN_EMPTY_BODY = YES;
				CLANG_WARN_ENUM_CONVERSION = YES;
				CLANG_WARN_INFINITE_RECURSION = YES;
				CLANG_WARN_INT_CONVERSION = YES;
				CLANG_WARN_NON_LITERAL_NULL_CONVERSION = YES;
				CLANG_WARN_OBJC_LITERAL_CONVERSION = YES;
				CLANG_WARN_OBJC_ROOT_CLASS = YES_ERROR;
				CLANG_WARN_RANGE_LOOP_ANALYSIS = YES;
				CLANG_WARN_STRICT_PROTOTYPES = YES;
				CLANG_WARN_SUSPICIOUS_MOVE = YES;
				CLANG_WARN_UNGUARDED_AVAILABILITY = YES_AGGRESSIVE;
				CLANG_WARN_UNREACHABLE_CODE = YES;
				CLANG_WARN__DUPLICATE_METHOD_MATCH = YES;
				CODE_SIGN_IDENTITY = "iPhone Developer";
				COPY_PHASE_STRIP = NO;
				DEBUG_INFORMATION_FORMAT = dwarf;
				ENABLE_STRICT_OBJC_MSGSEND = YES;
				ENABLE_TESTABILITY = YES;
				GCC_C_LANGUAGE_STANDARD = gnu11;
				GCC_DYNAMIC_NO_PIC = NO;
				GCC_NO_COMMON_BLOCKS = YES;
				GCC_OPTIMIZATION_LEVEL = 0;
				GCC_PREPROCESSOR_DEFINITIONS = (
					"DEBUG=1",
					"$(inherited)",
				);
				GCC_WARN_64_TO_32_BIT_CONVERSION = YES;
				GCC_WARN_ABOUT_RETURN_TYPE = YES_ERROR;
				GCC_WARN_UNDECLARED_SELECTOR = YES;
				GCC_WARN_UNINITIALIZED_AUTOS = YES_AGGRESSIVE;
				GCC_WARN_UNUSED_FUNCTION = YES;
				GCC_WARN_UNUSED_VARIABLE = YES;
				IPHONEOS_DEPLOYMENT_TARGET = 11.2;
				MTL_ENABLE_DEBUG_INFO = YES;
				ONLY_ACTIVE_ARCH = YES;
				SDKROOT = iphoneos;
				SWIFT_ACTIVE_COMPILATION_CONDITIONS = DEBUG;
				SWIFT_OPTIMIZATION_LEVEL = "-Onone";
			};
			name = Debug;
		};
		2E9A68F9202D5B4000783119 /* Release */ = {
			isa = XCBuildConfiguration;
			buildSettings = {
				ALWAYS_SEARCH_USER_PATHS = NO;
				CLANG_ANALYZER_NONNULL = YES;
				CLANG_ANALYZER_NUMBER_OBJECT_CONVERSION = YES_AGGRESSIVE;
				CLANG_CXX_LANGUAGE_STANDARD = "gnu++14";
				CLANG_CXX_LIBRARY = "libc++";
				CLANG_ENABLE_MODULES = YES;
				CLANG_ENABLE_OBJC_ARC = YES;
				CLANG_WARN_BLOCK_CAPTURE_AUTORELEASING = YES;
				CLANG_WARN_BOOL_CONVERSION = YES;
				CLANG_WARN_COMMA = YES;
				CLANG_WARN_CONSTANT_CONVERSION = YES;
				CLANG_WARN_DIRECT_OBJC_ISA_USAGE = YES_ERROR;
				CLANG_WARN_DOCUMENTATION_COMMENTS = YES;
				CLANG_WARN_EMPTY_BODY = YES;
				CLANG_WARN_ENUM_CONVERSION = YES;
				CLANG_WARN_INFINITE_RECURSION = YES;
				CLANG_WARN_INT_CONVERSION = YES;
				CLANG_WARN_NON_LITERAL_NULL_CONVERSION = YES;
				CLANG_WARN_OBJC_LITERAL_CONVERSION = YES;
				CLANG_WARN_OBJC_ROOT_CLASS = YES_ERROR;
				CLANG_WARN_RANGE_LOOP_ANALYSIS = YES;
				CLANG_WARN_STRICT_PROTOTYPES = YES;
				CLANG_WARN_SUSPICIOUS_MOVE = YES;
				CLANG_WARN_UNGUARDED_AVAILABILITY = YES_AGGRESSIVE;
				CLANG_WARN_UNREACHABLE_CODE = YES;
				CLANG_WARN__DUPLICATE_METHOD_MATCH = YES;
				CODE_SIGN_IDENTITY = "iPhone Developer";
				COPY_PHASE_STRIP = NO;
				DEBUG_INFORMATION_FORMAT = "dwarf-with-dsym";
				ENABLE_NS_ASSERTIONS = NO;
				ENABLE_STRICT_OBJC_MSGSEND = YES;
				GCC_C_LANGUAGE_STANDARD = gnu11;
				GCC_NO_COMMON_BLOCKS = YES;
				GCC_WARN_64_TO_32_BIT_CONVERSION = YES;
				GCC_WARN_ABOUT_RETURN_TYPE = YES_ERROR;
				GCC_WARN_UNDECLARED_SELECTOR = YES;
				GCC_WARN_UNINITIALIZED_AUTOS = YES_AGGRESSIVE;
				GCC_WARN_UNUSED_FUNCTION = YES;
				GCC_WARN_UNUSED_VARIABLE = YES;
				IPHONEOS_DEPLOYMENT_TARGET = 11.2;
				MTL_ENABLE_DEBUG_INFO = NO;
				SDKROOT = iphoneos;
				SWIFT_OPTIMIZATION_LEVEL = "-Owholemodule";
				VALIDATE_PRODUCT = YES;
			};
			name = Release;
		};
		2E9A68FB202D5B4000783119 /* Debug */ = {
			isa = XCBuildConfiguration;
			baseConfigurationReference = 300D075C3214D11B86F13E0F /* Pods-Musich.debug.xcconfig */;
			buildSettings = {
				ASSETCATALOG_COMPILER_APPICON_NAME = AppIcon;
				"CODE_SIGN_IDENTITY[sdk=iphoneos*]" = "iPhone Developer";
				CODE_SIGN_STYLE = Automatic;
				DEVELOPMENT_TEAM = P7GJNS6L86;
				INFOPLIST_FILE = Musich/Info.plist;
				LD_RUNPATH_SEARCH_PATHS = "$(inherited) @executable_path/Frameworks";
				PRODUCT_BUNDLE_IDENTIFIER = com.baksha97.Musich;
				PRODUCT_NAME = "$(TARGET_NAME)";
				PROVISIONING_PROFILE_SPECIFIER = "";
				SWIFT_VERSION = 4.0;
				TARGETED_DEVICE_FAMILY = "1,2";
			};
			name = Debug;
		};
		2E9A68FC202D5B4000783119 /* Release */ = {
			isa = XCBuildConfiguration;
			baseConfigurationReference = 34B448CDEEF720D4C5EEDFD6 /* Pods-Musich.release.xcconfig */;
			buildSettings = {
				ASSETCATALOG_COMPILER_APPICON_NAME = AppIcon;
				"CODE_SIGN_IDENTITY[sdk=iphoneos*]" = "iPhone Developer";
				CODE_SIGN_STYLE = Automatic;
				DEVELOPMENT_TEAM = P7GJNS6L86;
				INFOPLIST_FILE = Musich/Info.plist;
				LD_RUNPATH_SEARCH_PATHS = "$(inherited) @executable_path/Frameworks";
				PRODUCT_BUNDLE_IDENTIFIER = com.baksha97.Musich;
				PRODUCT_NAME = "$(TARGET_NAME)";
				PROVISIONING_PROFILE_SPECIFIER = "";
				SWIFT_VERSION = 4.0;
				TARGETED_DEVICE_FAMILY = "1,2";
			};
			name = Release;
		};
/* End XCBuildConfiguration section */

/* Begin XCConfigurationList section */
		2E9A68E0202D5B4000783119 /* Build configuration list for PBXProject "Musich" */ = {
			isa = XCConfigurationList;
			buildConfigurations = (
				2E9A68F8202D5B4000783119 /* Debug */,
				2E9A68F9202D5B4000783119 /* Release */,
			);
			defaultConfigurationIsVisible = 0;
			defaultConfigurationName = Release;
		};
		2E9A68FA202D5B4000783119 /* Build configuration list for PBXNativeTarget "Musich" */ = {
			isa = XCConfigurationList;
			buildConfigurations = (
				2E9A68FB202D5B4000783119 /* Debug */,
				2E9A68FC202D5B4000783119 /* Release */,
			);
			defaultConfigurationIsVisible = 0;
			defaultConfigurationName = Release;
		};
/* End XCConfigurationList section */

/* Begin XCVersionGroup section */
		2E9A68EF202D5B4000783119 /* Musich.xcdatamodeld */ = {
			isa = XCVersionGroup;
			children = (
				2E9A68F0202D5B4000783119 /* Musich.xcdatamodel */,
			);
			currentVersion = 2E9A68F0202D5B4000783119 /* Musich.xcdatamodel */;
			path = Musich.xcdatamodeld;
			sourceTree = "<group>";
			versionGroupType = wrapper.xcdatamodel;
		};
/* End XCVersionGroup section */
	};
	rootObject = 2E9A68DD202D5B4000783119 /* Project object */;
}
